
Microsoft Visual Studio Solution File, Format Version 12.00
# Visual Studio 15
VisualStudioVersion = 15.0.26228.4
MinimumVisualStudioVersion = 10.0.40219.1
Project("{9092AA53-FB77-4645-B42D-1CCCA6BD08BD}") = "LVE.JS", "LVE.JS\LVE.JS.njsproj", "{DC4860D3-7517-43F0-BD96-677B8A079BD7}"
EndProject
Global
	GlobalSection(SolutionConfigurationPlatforms) = preSolution
		Debug|Any CPU = Debug|Any CPU
		Release|Any CPU = Release|Any CPU
	EndGlobalSection
	GlobalSection(ProjectConfigurationPlatforms) = postSolution
		{DC4860D3-7517-43F0-BD96-677B8A079BD7}.Debug|Any CPU.ActiveCfg = Debug|Any CPU
		{DC4860D3-7517-43F0-BD96-677B8A079BD7}.Debug|Any CPU.Build.0 = Debug|Any CPU
		{DC4860D3-7517-43F0-BD96-677B8A079BD7}.Release|Any CPU.ActiveCfg = Release|Any CPU
		{DC4860D3-7517-43F0-BD96-677B8A079BD7}.Release|Any CPU.Build.0 = Release|Any CPU
	EndGlobalSection
	GlobalSection(SolutionProperties) = preSolution
		HideSolutionNode = FALSE
	EndGlobalSection
EndGlobal
